
Microsoft Visual Studio Solution File, Format Version 12.00
# Visual Studio Version 16
VisualStudioVersion = 16.0.30413.136
MinimumVisualStudioVersion = 10.0.40219.1
Project("{FAE04EC0-301F-11D3-BF4B-00C04F79EFBC}") = "Lumememm_valjataga.Android", "Lumememm_valjataga\Lumememm_valjataga.Android\Lumememm_valjataga.Android.csproj", "{2E0E85C2-1A79-4010-8D4F-0E3E38FBF99E}"
EndProject
Project("{FAE04EC0-301F-11D3-BF4B-00C04F79EFBC}") = "Lumememm_valjataga.iOS", "Lumememm_valjataga\Lumememm_valjataga.iOS\Lumememm_valjataga.iOS.csproj", "{AC13CA22-D9C1-42AB-B736-52E7D1BB6223}"
EndProject
Project("{FAE04EC0-301F-11D3-BF4B-00C04F79EFBC}") = "Lumememm_valjataga", "Lumememm_valjataga\Lumememm_valjataga\Lumememm_valjataga.csproj", "{9107E17F-1C77-4959-9B79-F5ACBBE65894}"
EndProject
Global
	GlobalSection(SolutionConfigurationPlatforms) = preSolution
		Debug|Any CPU = Debug|Any CPU
		Debug|iPhone = Debug|iPhone
		Debug|iPhoneSimulator = Debug|iPhoneSimulator
		Release|Any CPU = Release|Any CPU
		Release|iPhone = Release|iPhone
		Release|iPhoneSimulator = Release|iPhoneSimulator
	EndGlobalSection
	GlobalSection(ProjectConfigurationPlatforms) = postSolution
		{2E0E85C2-1A79-4010-8D4F-0E3E38FBF99E}.Debug|Any CPU.ActiveCfg = Debug|Any CPU
		{2E0E85C2-1A79-4010-8D4F-0E3E38FBF99E}.Debug|Any CPU.Build.0 = Debug|Any CPU
		{2E0E85C2-1A79-4010-8D4F-0E3E38FBF99E}.Debug|Any CPU.Deploy.0 = Debug|Any CPU
		{2E0E85C2-1A79-4010-8D4F-0E3E38FBF99E}.Debug|iPhone.ActiveCfg = Debug|Any CPU
		{2E0E85C2-1A79-4010-8D4F-0E3E38FBF99E}.Debug|iPhone.Build.0 = Debug|Any CPU
		{2E0E85C2-1A79-4010-8D4F-0E3E38FBF99E}.Debug|iPhone.Deploy.0 = Debug|Any CPU
		{2E0E85C2-1A79-4010-8D4F-0E3E38FBF99E}.Debug|iPhoneSimulator.ActiveCfg = Debug|Any CPU
		{2E0E85C2-1A79-4010-8D4F-0E3E38FBF99E}.Debug|iPhoneSimulator.Build.0 = Debug|Any CPU
		{2E0E85C2-1A79-4010-8D4F-0E3E38FBF99E}.Debug|iPhoneSimulator.Deploy.0 = Debug|Any CPU
		{2E0E85C2-1A79-4010-8D4F-0E3E38FBF99E}.Release|Any CPU.ActiveCfg = Release|Any CPU
		{2E0E85C2-1A79-4010-8D4F-0E3E38FBF99E}.Release|Any CPU.Build.0 = Release|Any CPU
		{2E0E85C2-1A79-4010-8D4F-0E3E38FBF99E}.Release|Any CPU.Deploy.0 = Release|Any CPU
		{2E0E85C2-1A79-4010-8D4F-0E3E38FBF99E}.Release|iPhone.ActiveCfg = Release|Any CPU
		{2E0E85C2-1A79-4010-8D4F-0E3E38FBF99E}.Release|iPhone.Build.0 = Release|Any CPU
		{2E0E85C2-1A79-4010-8D4F-0E3E38FBF99E}.Release|iPhone.Deploy.0 = Release|Any CPU
		{2E0E85C2-1A79-4010-8D4F-0E3E38FBF99E}.Release|iPhoneSimulator.ActiveCfg = Release|Any CPU
		{2E0E85C2-1A79-4010-8D4F-0E3E38FBF99E}.Release|iPhoneSimulator.Build.0 = Release|Any CPU
		{2E0E85C2-1A79-4010-8D4F-0E3E38FBF99E}.Release|iPhoneSimulator.Deploy.0 = Release|Any CPU
		{AC13CA22-D9C1-42AB-B736-52E7D1BB6223}.Debug|Any CPU.ActiveCfg = Debug|iPhone
		{AC13CA22-D9C1-42AB-B736-52E7D1BB6223}.Debug|Any CPU.Build.0 = Debug|iPhone
		{AC13CA22-D9C1-42AB-B736-52E7D1BB6223}.Debug|Any CPU.Deploy.0 = Debug|iPhone
		{AC13CA22-D9C1-42AB-B736-52E7D1BB6223}.Debug|iPhone.ActiveCfg = Debug|iPhone
		{AC13CA22-D9C1-42AB-B736-52E7D1BB6223}.Debug|iPhone.Build.0 = Debug|iPhone
		{AC13CA22-D9C1-42AB-B736-52E7D1BB6223}.Debug|iPhone.Deploy.0 = Debug|iPhone
		{AC13CA22-D9C1-42AB-B736-52E7D1BB6223}.Debug|iPhoneSimulator.ActiveCfg = Debug|iPhoneSimulator
		{AC13CA22-D9C1-42AB-B736-52E7D1BB6223}.Debug|iPhoneSimulator.Build.0 = Debug|iPhoneSimulator
		{AC13CA22-D9C1-42AB-B736-52E7D1BB6223}.Debug|iPhoneSimulator.Deploy.0 = Debug|iPhoneSimulator
		{AC13CA22-D9C1-42AB-B736-52E7D1BB6223}.Release|Any CPU.ActiveCfg = Release|iPhone
		{AC13CA22-D9C1-42AB-B736-52E7D1BB6223}.Release|Any CPU.Build.0 = Release|iPhone
		{AC13CA22-D9C1-42AB-B736-52E7D1BB6223}.Release|Any CPU.Deploy.0 = Release|iPhone
		{AC13CA22-D9C1-42AB-B736-52E7D1BB6223}.Release|iPhone.ActiveCfg = Release|iPhone
		{AC13CA22-D9C1-42AB-B736-52E7D1BB6223}.Release|iPhone.Build.0 = Release|iPhone
		{AC13CA22-D9C1-42AB-B736-52E7D1BB6223}.Release|iPhone.Deploy.0 = Release|iPhone
		{AC13CA22-D9C1-42AB-B736-52E7D1BB6223}.Release|iPhoneSimulator.ActiveCfg = Release|iPhoneSimulator
		{AC13CA22-D9C1-42AB-B736-52E7D1BB6223}.Release|iPhoneSimulator.Build.0 = Release|iPhoneSimulator
		{AC13CA22-D9C1-42AB-B736-52E7D1BB6223}.Release|iPhoneSimulator.Deploy.0 = Release|iPhoneSimulator
		{9107E17F-1C77-4959-9B79-F5ACBBE65894}.Debug|Any CPU.ActiveCfg = Debug|Any CPU
		{9107E17F-1C77-4959-9B79-F5ACBBE65894}.Debug|Any CPU.Build.0 = Debug|Any CPU
		{9107E17F-1C77-4959-9B79-F5ACBBE65894}.Debug|Any CPU.Deploy.0 = Debug|Any CPU
		{9107E17F-1C77-4959-9B79-F5ACBBE65894}.Debug|iPhone.ActiveCfg = Debug|Any CPU
		{9107E17F-1C77-4959-9B79-F5ACBBE65894}.Debug|iPhone.Build.0 = Debug|Any CPU
		{9107E17F-1C77-4959-9B79-F5ACBBE65894}.Debug|iPhone.Deploy.0 = Debug|Any CPU
		{9107E17F-1C77-4959-9B79-F5ACBBE65894}.Debug|iPhoneSimulator.ActiveCfg = Debug|Any CPU
		{9107E17F-1C77-4959-9B79-F5ACBBE65894}.Debug|iPhoneSimulator.Build.0 = Debug|Any CPU
		{9107E17F-1C77-4959-9B79-F5ACBBE65894}.Debug|iPhoneSimulator.Deploy.0 = Debug|Any CPU
		{9107E17F-1C77-4959-9B79-F5ACBBE65894}.Release|Any CPU.ActiveCfg = Release|Any CPU
		{9107E17F-1C77-4959-9B79-F5ACBBE65894}.Release|Any CPU.Build.0 = Release|Any CPU
		{9107E17F-1C77-4959-9B79-F5ACBBE65894}.Release|Any CPU.Deploy.0 = Release|Any CPU
		{9107E17F-1C77-4959-9B79-F5ACBBE65894}.Release|iPhone.ActiveCfg = Release|Any CPU
		{9107E17F-1C77-4959-9B79-F5ACBBE65894}.Release|iPhone.Build.0 = Release|Any CPU
		{9107E17F-1C77-4959-9B79-F5ACBBE65894}.Release|iPhone.Deploy.0 = Release|Any CPU
		{9107E17F-1C77-4959-9B79-F5ACBBE65894}.Release|iPhoneSimulator.ActiveCfg = Release|Any CPU
		{9107E17F-1C77-4959-9B79-F5ACBBE65894}.Release|iPhoneSimulator.Build.0 = Release|Any CPU
		{9107E17F-1C77-4959-9B79-F5ACBBE65894}.Release|iPhoneSimulator.Deploy.0 = Release|Any CPU
	EndGlobalSection
	GlobalSection(SolutionProperties) = preSolution
		HideSolutionNode = FALSE
	EndGlobalSection
	GlobalSection(ExtensibilityGlobals) = postSolution
		SolutionGuid = {D39B35C2-70FA-463A-87FD-95D96FB8D446}
	EndGlobalSection
EndGlobal
